
Microsoft Visual Studio Solution File, Format Version 12.00
# Visual Studio Version 16
VisualStudioVersion = 16.0.31424.327
MinimumVisualStudioVersion = 10.0.40219.1
Project("{FAE04EC0-301F-11D3-BF4B-00C04F79EFBC}") = "DiceRollerProbability", "DiceRollerProbability.csproj", "{2EA959D8-4DB1-42E6-AC73-FB6F97AE4B48}"
EndProject
Global
	GlobalSection(SolutionConfigurationPlatforms) = preSolution
		Debug|Any CPU = Debug|Any CPU
		Release|Any CPU = Release|Any CPU
	EndGlobalSection
	GlobalSection(ProjectConfigurationPlatforms) = postSolution
		{2EA959D8-4DB1-42E6-AC73-FB6F97AE4B48}.Debug|Any CPU.ActiveCfg = Debug|Any CPU
		{2EA959D8-4DB1-42E6-AC73-FB6F97AE4B48}.Debug|Any CPU.Build.0 = Debug|Any CPU
		{2EA959D8-4DB1-42E6-AC73-FB6F97AE4B48}.Release|Any CPU.ActiveCfg = Release|Any CPU
		{2EA959D8-4DB1-42E6-AC73-FB6F97AE4B48}.Release|Any CPU.Build.0 = Release|Any CPU
	EndGlobalSection
	GlobalSection(SolutionProperties) = preSolution
		HideSolutionNode = FALSE
	EndGlobalSection
	GlobalSection(ExtensibilityGlobals) = postSolution
		SolutionGuid = {C1158845-95AD-49D6-A1D1-CC0C8AC85C99}
	EndGlobalSection
EndGlobal
